
Microsoft Visual Studio Solution File, Format Version 12.00
# Visual Studio Version 17
VisualStudioVersion = 17.0.31903.59
MinimumVisualStudioVersion = 10.0.40219.1
Project("{2150E333-8FDC-42A3-9474-1A3956D46DE8}") = "src", "src", "{A34F8716-4C9A-441B-9FD8-6A178EB9D6FC}"
EndProject
Project("{FAE04EC0-301F-11D3-BF4B-00C04F79EFBC}") = "SaveApis.Common", "src\SaveApis.Common\SaveApis.Common.csproj", "{F33B0C84-4B18-42B0-AC30-B3D6EC045594}"
EndProject
Project("{2150E333-8FDC-42A3-9474-1A3956D46DE8}") = "examples", "examples", "{7AFD4BFB-85CE-4BCA-977C-CF8B8C861111}"
EndProject
Project("{FAE04EC0-301F-11D3-BF4B-00C04F79EFBC}") = "Example.Console", "examples\Example.Console\Example.Console.csproj", "{890459EE-E7FD-4979-8B6B-406EF976BC42}"
EndProject
Global
	GlobalSection(SolutionConfigurationPlatforms) = preSolution
		Debug|Any CPU = Debug|Any CPU
		Release|Any CPU = Release|Any CPU
	EndGlobalSection
	GlobalSection(SolutionProperties) = preSolution
		HideSolutionNode = FALSE
	EndGlobalSection
	GlobalSection(ProjectConfigurationPlatforms) = postSolution
		{F33B0C84-4B18-42B0-AC30-B3D6EC045594}.Debug|Any CPU.ActiveCfg = Debug|Any CPU
		{F33B0C84-4B18-42B0-AC30-B3D6EC045594}.Debug|Any CPU.Build.0 = Debug|Any CPU
		{F33B0C84-4B18-42B0-AC30-B3D6EC045594}.Release|Any CPU.ActiveCfg = Release|Any CPU
		{F33B0C84-4B18-42B0-AC30-B3D6EC045594}.Release|Any CPU.Build.0 = Release|Any CPU
		{890459EE-E7FD-4979-8B6B-406EF976BC42}.Debug|Any CPU.ActiveCfg = Debug|Any CPU
		{890459EE-E7FD-4979-8B6B-406EF976BC42}.Debug|Any CPU.Build.0 = Debug|Any CPU
		{890459EE-E7FD-4979-8B6B-406EF976BC42}.Release|Any CPU.ActiveCfg = Release|Any CPU
		{890459EE-E7FD-4979-8B6B-406EF976BC42}.Release|Any CPU.Build.0 = Release|Any CPU
	EndGlobalSection
	GlobalSection(NestedProjects) = preSolution
		{F33B0C84-4B18-42B0-AC30-B3D6EC045594} = {A34F8716-4C9A-441B-9FD8-6A178EB9D6FC}
		{890459EE-E7FD-4979-8B6B-406EF976BC42} = {7AFD4BFB-85CE-4BCA-977C-CF8B8C861111}
	EndGlobalSection
EndGlobal
